# This file was autogenerated by Juvix version 0.6.10.
# Do not edit this file manually.

version: 2
checksum: 5c5c2757fc5ce569efc20d5a50b6094b734abc0ca297caf96dc41b2ea45f5d2c
dependencies:
- git:
    name: anoma_juvix-stdlib
    ref: 24e656d9af73891d012c05e1c21d1f1beb80913b
    url: https://github.com/anoma/juvix-stdlib
  dependencies: []
- git:
    name: anoma_anoma-applib
    ref: 0904b0923ca8f81659b2e6fc158153b300f1f891
    url: https://github.com/anoma/anoma-applib
  dependencies:
  - git:
      name: anoma_juvix-stdlib
      ref: 24e656d9af73891d012c05e1c21d1f1beb80913b
      url: https://github.com/anoma/juvix-stdlib
    dependencies: []
  - git:
      name: anoma_juvix-mtl
      ref: 3423b28a18df9393ecc19ac8dd359cf7c0dac41a
      url: https://github.com/anoma/juvix-mtl
    dependencies:
    - git:
        name: anoma_juvix-stdlib
        ref: 4e98315bc937536cbcd1c60178fd3d48e3a9d3c4
        url: https://github.com/anoma/juvix-stdlib
      dependencies: []
- git:
    name: anoma_juvix-mtl
    ref: 3423b28a18df9393ecc19ac8dd359cf7c0dac41a
    url: https://github.com/anoma/juvix-mtl
  dependencies:
  - git:
      name: anoma_juvix-stdlib
      ref: 4e98315bc937536cbcd1c60178fd3d48e3a9d3c4
      url: https://github.com/anoma/juvix-stdlib
    dependencies: []
