# This file was autogenerated by Juvix version 0.6.10.
# Do not edit this file manually.

version: 2
checksum: d1be23bb8646a3b1062ab9091e0ed55d1edbe90a6c0c1da6bd2d991831a1f697
dependencies:
- git:
    name: anoma_juvix-stdlib
    ref: 24988693716daa8476806a812e71ce229983f5fa
    url: https://github.com/anoma/juvix-stdlib
  dependencies: []
- git:
    name: anoma_anoma-applib
    ref: 7b9eb6be791494ef131a4a935e71d8acd73d0d78
    url: https://github.com/anoma/anoma-applib
  dependencies:
  - git:
      name: anoma_juvix-stdlib
      ref: 24988693716daa8476806a812e71ce229983f5fa
      url: https://github.com/anoma/juvix-stdlib
    dependencies: []
  - git:
      name: anoma_juvix-mtl
      ref: deb95fae8d728b916fb352d84e1b92d0320cf513
      url: https://github.com/anoma/juvix-mtl
    dependencies:
    - git:
        name: anoma_juvix-stdlib
        ref: 24988693716daa8476806a812e71ce229983f5fa
        url: https://github.com/anoma/juvix-stdlib
      dependencies: []
- git:
    name: anoma_juvix-mtl
    ref: deb95fae8d728b916fb352d84e1b92d0320cf513
    url: https://github.com/anoma/juvix-mtl
  dependencies:
  - git:
      name: anoma_juvix-stdlib
      ref: 24988693716daa8476806a812e71ce229983f5fa
      url: https://github.com/anoma/juvix-stdlib
    dependencies: []
